
Microsoft Visual Studio Solution File, Format Version 12.00
# Visual Studio Version 16
VisualStudioVersion = 16.0.29609.76
MinimumVisualStudioVersion = 10.0.40219.1
Project("{FAE04EC0-301F-11D3-BF4B-00C04F79EFBC}") = "ConsoleApp1", "ConsoleApp1\ConsoleApp1.csproj", "{6218B911-1750-41BF-95E6-1A42A1F083CF}"
EndProject
Global
	GlobalSection(SolutionConfigurationPlatforms) = preSolution
		Debug|Any CPU = Debug|Any CPU
		Release|Any CPU = Release|Any CPU
	EndGlobalSection
	GlobalSection(ProjectConfigurationPlatforms) = postSolution
		{6218B911-1750-41BF-95E6-1A42A1F083CF}.Debug|Any CPU.ActiveCfg = Debug|Any CPU
		{6218B911-1750-41BF-95E6-1A42A1F083CF}.Debug|Any CPU.Build.0 = Debug|Any CPU
		{6218B911-1750-41BF-95E6-1A42A1F083CF}.Release|Any CPU.ActiveCfg = Release|Any CPU
		{6218B911-1750-41BF-95E6-1A42A1F083CF}.Release|Any CPU.Build.0 = Release|Any CPU
	EndGlobalSection
	GlobalSection(SolutionProperties) = preSolution
		HideSolutionNode = FALSE
	EndGlobalSection
	GlobalSection(ExtensibilityGlobals) = postSolution
		SolutionGuid = {158426A6-022F-4580-8685-B206BF2DC339}
	EndGlobalSection
EndGlobal
